// !$*UTF8*$!
{
	archiveVersion = 1;
	classes = {
	};
	objectVersion = 46;
	objects = {

/* Begin PBXBuildFile section */
		A2291C2219A5CA430097774C /* UIKit.framework in Frameworks */ = {isa = PBXBuildFile; fileRef = A2291C2119A5CA430097774C /* UIKit.framework */; };
		A2291C2419A5CA430097774C /* Foundation.framework in Frameworks */ = {isa = PBXBuildFile; fileRef = A2291C2319A5CA430097774C /* Foundation.framework */; };
		A2291C2619A5CA430097774C /* CoreGraphics.framework in Frameworks */ = {isa = PBXBuildFile; fileRef = A2291C2519A5CA430097774C /* CoreGraphics.framework */; };
		A2291C2819A5CA430097774C /* CoreData.framework in Frameworks */ = {isa = PBXBuildFile; fileRef = A2291C2719A5CA430097774C /* CoreData.framework */; };
		A2291C2E19A5CA430097774C /* InfoPlist.strings in Resources */ = {isa = PBXBuildFile; fileRef = A2291C2C19A5CA430097774C /* InfoPlist.strings */; };
		A2291C3019A5CA430097774C /* main.m in Sources */ = {isa = PBXBuildFile; fileRef = A2291C2F19A5CA430097774C /* main.m */; };
		A2291C3419A5CA430097774C /* QAAppDelegate.m in Sources */ = {isa = PBXBuildFile; fileRef = A2291C3319A5CA430097774C /* QAAppDelegate.m */; };
		A2291C3619A5CA430097774C /* Default.png in Resources */ = {isa = PBXBuildFile; fileRef = A2291C3519A5CA430097774C /* Default.png */; };
		A2291C3819A5CA430097774C /* Default@2x.png in Resources */ = {isa = PBXBuildFile; fileRef = A2291C3719A5CA430097774C /* Default@2x.png */; };
		A2291C3A19A5CA430097774C /* Default-568h@2x.png in Resources */ = {isa = PBXBuildFile; fileRef = A2291C3919A5CA430097774C /* Default-568h@2x.png */; };
		A2291C3D19A5CA430097774C /* MainStoryboard.storyboard in Resources */ = {isa = PBXBuildFile; fileRef = A2291C3B19A5CA430097774C /* MainStoryboard.storyboard */; };
		A2291C4019A5CA430097774C /* SnatterApp.xcdatamodeld in Sources */ = {isa = PBXBuildFile; fileRef = A2291C3E19A5CA430097774C /* SnatterApp.xcdatamodeld */; };
		A2291C4E19A5D0A70097774C /* SnQuestion.m in Sources */ = {isa = PBXBuildFile; fileRef = A2291C4D19A5D0A70097774C /* SnQuestion.m */; };
		A2291C5119A5D0D00097774C /* SnAnswer.m in Sources */ = {isa = PBXBuildFile; fileRef = A2291C5019A5D0D00097774C /* SnAnswer.m */; };
		A2291C5419A5D0FD0097774C /* User.m in Sources */ = {isa = PBXBuildFile; fileRef = A2291C5319A5D0FD0097774C /* User.m */; };
		A2291C5719A5D3550097774C /* UIBaseViewController.m in Sources */ = {isa = PBXBuildFile; fileRef = A2291C5619A5D3550097774C /* UIBaseViewController.m */; };
		A2291C7A19A5DC260097774C /* SnAPI.m in Sources */ = {isa = PBXBuildFile; fileRef = A2291C7919A5DC260097774C /* SnAPI.m */; };
		A2291C7D19A5DCEA0097774C /* SnSyncEngine.m in Sources */ = {isa = PBXBuildFile; fileRef = A2291C7C19A5DCEA0097774C /* SnSyncEngine.m */; };
		A2291C8019A5DD520097774C /* SnCoreDataController.m in Sources */ = {isa = PBXBuildFile; fileRef = A2291C7F19A5DD520097774C /* SnCoreDataController.m */; };
		A2291C8319A5DE950097774C /* NSManagedObjectJSON.m in Sources */ = {isa = PBXBuildFile; fileRef = A2291C8219A5DE950097774C /* NSManagedObjectJSON.m */; };
		A2291C9719B0648A0097774C /* AFHTTPClient.m in Sources */ = {isa = PBXBuildFile; fileRef = A2291C8519B0648A0097774C /* AFHTTPClient.m */; };
		A2291C9819B0648A0097774C /* AFHTTPRequestOperation.m in Sources */ = {isa = PBXBuildFile; fileRef = A2291C8719B0648A0097774C /* AFHTTPRequestOperation.m */; };
		A2291C9919B0648A0097774C /* AFImageRequestOperation.m in Sources */ = {isa = PBXBuildFile; fileRef = A2291C8919B0648A0097774C /* AFImageRequestOperation.m */; };
		A2291C9A19B0648A0097774C /* AFJSONRequestOperation.m in Sources */ = {isa = PBXBuildFile; fileRef = A2291C8B19B0648A0097774C /* AFJSONRequestOperation.m */; };
		A2291C9B19B0648A0097774C /* AFNetworkActivityIndicatorManager.m in Sources */ = {isa = PBXBuildFile; fileRef = A2291C8D19B0648A0097774C /* AFNetworkActivityIndicatorManager.m */; };
		A2291C9C19B0648A0097774C /* AFPropertyListRequestOperation.m in Sources */ = {isa = PBXBuildFile; fileRef = A2291C9019B0648A0097774C /* AFPropertyListRequestOperation.m */; };
		A2291C9D19B0648A0097774C /* AFURLConnectionOperation.m in Sources */ = {isa = PBXBuildFile; fileRef = A2291C9219B0648A0097774C /* AFURLConnectionOperation.m */; };
		A2291C9E19B0648A0097774C /* AFXMLRequestOperation.m in Sources */ = {isa = PBXBuildFile; fileRef = A2291C9419B0648A0097774C /* AFXMLRequestOperation.m */; };
		A2291C9F19B0648A0097774C /* UIImageView+AFNetworking.m in Sources */ = {isa = PBXBuildFile; fileRef = A2291C9619B0648A0097774C /* UIImageView+AFNetworking.m */; };
		A2291CA119B0650E0097774C /* Security.framework in Frameworks */ = {isa = PBXBuildFile; fileRef = A2291CA019B0650E0097774C /* Security.framework */; };
		A2291CA319B0651E0097774C /* CFNetwork.framework in Frameworks */ = {isa = PBXBuildFile; fileRef = A2291CA219B0651E0097774C /* CFNetwork.framework */; };
		A2291CA519B065370097774C /* libicucore.dylib in Frameworks */ = {isa = PBXBuildFile; fileRef = A2291CA419B065370097774C /* libicucore.dylib */; };
		A2291CA719B0654A0097774C /* MessageUI.framework in Frameworks */ = {isa = PBXBuildFile; fileRef = A2291CA619B0654A0097774C /* MessageUI.framework */; };
		A2291CA919B065520097774C /* QuartzCore.framework in Frameworks */ = {isa = PBXBuildFile; fileRef = A2291CA819B065520097774C /* QuartzCore.framework */; };
		A2291CAB19B065650097774C /* CoreLocation.framework in Frameworks */ = {isa = PBXBuildFile; fileRef = A2291CAA19B065650097774C /* CoreLocation.framework */; };
		A2291CAD19B0656E0097774C /* SystemConfiguration.framework in Frameworks */ = {isa = PBXBuildFile; fileRef = A2291CAC19B0656E0097774C /* SystemConfiguration.framework */; };
		A2291CAF19B0657E0097774C /* MobileCoreServices.framework in Frameworks */ = {isa = PBXBuildFile; fileRef = A2291CAE19B0657E0097774C /* MobileCoreServices.framework */; };
/* End PBXBuildFile section */

/* Begin PBXFileReference section */
		A2291C1E19A5CA430097774C /* SnatterApp.app */ = {isa = PBXFileReference; explicitFileType = wrapper.application; includeInIndex = 0; path = SnatterApp.app; sourceTree = BUILT_PRODUCTS_DIR; };
		A2291C2119A5CA430097774C /* UIKit.framework */ = {isa = PBXFileReference; lastKnownFileType = wrapper.framework; name = UIKit.framework; path = System/Library/Frameworks/UIKit.framework; sourceTree = SDKROOT; };
		A2291C2319A5CA430097774C /* Foundation.framework */ = {isa = PBXFileReference; lastKnownFileType = wrapper.framework; name = Foundation.framework; path = System/Library/Frameworks/Foundation.framework; sourceTree = SDKROOT; };
		A2291C2519A5CA430097774C /* CoreGraphics.framework */ = {isa = PBXFileReference; lastKnownFileType = wrapper.framework; name = CoreGraphics.framework; path = System/Library/Frameworks/CoreGraphics.framework; sourceTree = SDKROOT; };
		A2291C2719A5CA430097774C /* CoreData.framework */ = {isa = PBXFileReference; lastKnownFileType = wrapper.framework; name = CoreData.framework; path = System/Library/Frameworks/CoreData.framework; sourceTree = SDKROOT; };
		A2291C2B19A5CA430097774C /* SnatterApp-Info.plist */ = {isa = PBXFileReference; lastKnownFileType = text.plist.xml; path = "SnatterApp-Info.plist"; sourceTree = "<group>"; };
		A2291C2D19A5CA430097774C /* en */ = {isa = PBXFileReference; lastKnownFileType = text.plist.strings; name = en; path = en.lproj/InfoPlist.strings; sourceTree = "<group>"; };
		A2291C2F19A5CA430097774C /* main.m */ = {isa = PBXFileReference; lastKnownFileType = sourcecode.c.objc; path = main.m; sourceTree = "<group>"; };
		A2291C3119A5CA430097774C /* SnatterApp-Prefix.pch */ = {isa = PBXFileReference; lastKnownFileType = sourcecode.c.h; path = "SnatterApp-Prefix.pch"; sourceTree = "<group>"; };
		A2291C3219A5CA430097774C /* QAAppDelegate.h */ = {isa = PBXFileReference; lastKnownFileType = sourcecode.c.h; path = QAAppDelegate.h; sourceTree = "<group>"; };
		A2291C3319A5CA430097774C /* QAAppDelegate.m */ = {isa = PBXFileReference; lastKnownFileType = sourcecode.c.objc; path = QAAppDelegate.m; sourceTree = "<group>"; };
		A2291C3519A5CA430097774C /* Default.png */ = {isa = PBXFileReference; lastKnownFileType = image.png; path = Default.png; sourceTree = "<group>"; };
		A2291C3719A5CA430097774C /* Default@2x.png */ = {isa = PBXFileReference; lastKnownFileType = image.png; path = "Default@2x.png"; sourceTree = "<group>"; };
		A2291C3919A5CA430097774C /* Default-568h@2x.png */ = {isa = PBXFileReference; lastKnownFileType = image.png; path = "Default-568h@2x.png"; sourceTree = "<group>"; };
		A2291C3C19A5CA430097774C /* en */ = {isa = PBXFileReference; lastKnownFileType = file.storyboard; name = en; path = en.lproj/MainStoryboard.storyboard; sourceTree = "<group>"; };
		A2291C3F19A5CA430097774C /* SnatterApp.xcdatamodel */ = {isa = PBXFileReference; lastKnownFileType = wrapper.xcdatamodel; path = SnatterApp.xcdatamodel; sourceTree = "<group>"; };
		A2291C4C19A5D0A70097774C /* SnQuestion.h */ = {isa = PBXFileReference; fileEncoding = 4; lastKnownFileType = sourcecode.c.h; path = SnQuestion.h; sourceTree = "<group>"; };
		A2291C4D19A5D0A70097774C /* SnQuestion.m */ = {isa = PBXFileReference; fileEncoding = 4; lastKnownFileType = sourcecode.c.objc; path = SnQuestion.m; sourceTree = "<group>"; };
		A2291C4F19A5D0D00097774C /* SnAnswer.h */ = {isa = PBXFileReference; fileEncoding = 4; lastKnownFileType = sourcecode.c.h; path = SnAnswer.h; sourceTree = "<group>"; };
		A2291C5019A5D0D00097774C /* SnAnswer.m */ = {isa = PBXFileReference; fileEncoding = 4; lastKnownFileType = sourcecode.c.objc; path = SnAnswer.m; sourceTree = "<group>"; };
		A2291C5219A5D0FD0097774C /* User.h */ = {isa = PBXFileReference; fileEncoding = 4; lastKnownFileType = sourcecode.c.h; path = User.h; sourceTree = "<group>"; };
		A2291C5319A5D0FD0097774C /* User.m */ = {isa = PBXFileReference; fileEncoding = 4; lastKnownFileType = sourcecode.c.objc; path = User.m; sourceTree = "<group>"; };
		A2291C5519A5D3550097774C /* UIBaseViewController.h */ = {isa = PBXFileReference; fileEncoding = 4; lastKnownFileType = sourcecode.c.h; path = UIBaseViewController.h; sourceTree = "<group>"; };
		A2291C5619A5D3550097774C /* UIBaseViewController.m */ = {isa = PBXFileReference; fileEncoding = 4; lastKnownFileType = sourcecode.c.objc; path = UIBaseViewController.m; sourceTree = "<group>"; };
		A2291C7819A5DC260097774C /* SnAPI.h */ = {isa = PBXFileReference; fileEncoding = 4; lastKnownFileType = sourcecode.c.h; path = SnAPI.h; sourceTree = "<group>"; };
		A2291C7919A5DC260097774C /* SnAPI.m */ = {isa = PBXFileReference; fileEncoding = 4; lastKnownFileType = sourcecode.c.objc; path = SnAPI.m; sourceTree = "<group>"; };
		A2291C7B19A5DCEA0097774C /* SnSyncEngine.h */ = {isa = PBXFileReference; fileEncoding = 4; lastKnownFileType = sourcecode.c.h; path = SnSyncEngine.h; sourceTree = "<group>"; };
		A2291C7C19A5DCEA0097774C /* SnSyncEngine.m */ = {isa = PBXFileReference; fileEncoding = 4; lastKnownFileType = sourcecode.c.objc; path = SnSyncEngine.m; sourceTree = "<group>"; };
		A2291C7E19A5DD520097774C /* SnCoreDataController.h */ = {isa = PBXFileReference; fileEncoding = 4; lastKnownFileType = sourcecode.c.h; path = SnCoreDataController.h; sourceTree = "<group>"; };
		A2291C7F19A5DD520097774C /* SnCoreDataController.m */ = {isa = PBXFileReference; fileEncoding = 4; lastKnownFileType = sourcecode.c.objc; path = SnCoreDataController.m; sourceTree = "<group>"; };
		A2291C8119A5DE950097774C /* NSManagedObjectJSON.h */ = {isa = PBXFileReference; fileEncoding = 4; lastKnownFileType = sourcecode.c.h; path = NSManagedObjectJSON.h; sourceTree = "<group>"; };
		A2291C8219A5DE950097774C /* NSManagedObjectJSON.m */ = {isa = PBXFileReference; fileEncoding = 4; lastKnownFileType = sourcecode.c.objc; path = NSManagedObjectJSON.m; sourceTree = "<group>"; };
		A2291C8419B0648A0097774C /* AFHTTPClient.h */ = {isa = PBXFileReference; fileEncoding = 4; lastKnownFileType = sourcecode.c.h; path = AFHTTPClient.h; sourceTree = "<group>"; };
		A2291C8519B0648A0097774C /* AFHTTPClient.m */ = {isa = PBXFileReference; fileEncoding = 4; lastKnownFileType = sourcecode.c.objc; path = AFHTTPClient.m; sourceTree = "<group>"; };
		A2291C8619B0648A0097774C /* AFHTTPRequestOperation.h */ = {isa = PBXFileReference; fileEncoding = 4; lastKnownFileType = sourcecode.c.h; path = AFHTTPRequestOperation.h; sourceTree = "<group>"; };
		A2291C8719B0648A0097774C /* AFHTTPRequestOperation.m */ = {isa = PBXFileReference; fileEncoding = 4; lastKnownFileType = sourcecode.c.objc; path = AFHTTPRequestOperation.m; sourceTree = "<group>"; };
		A2291C8819B0648A0097774C /* AFImageRequestOperation.h */ = {isa = PBXFileReference; fileEncoding = 4; lastKnownFileType = sourcecode.c.h; path = AFImageRequestOperation.h; sourceTree = "<group>"; };
		A2291C8919B0648A0097774C /* AFImageRequestOperation.m */ = {isa = PBXFileReference; fileEncoding = 4; lastKnownFileType = sourcecode.c.objc; path = AFImageRequestOperation.m; sourceTree = "<group>"; };
		A2291C8A19B0648A0097774C /* AFJSONRequestOperation.h */ = {isa = PBXFileReference; fileEncoding = 4; lastKnownFileType = sourcecode.c.h; path = AFJSONRequestOperation.h; sourceTree = "<group>"; };
		A2291C8B19B0648A0097774C /* AFJSONRequestOperation.m */ = {isa = PBXFileReference; fileEncoding = 4; lastKnownFileType = sourcecode.c.objc; path = AFJSONRequestOperation.m; sourceTree = "<group>"; };
		A2291C8C19B0648A0097774C /* AFNetworkActivityIndicatorManager.h */ = {isa = PBXFileReference; fileEncoding = 4; lastKnownFileType = sourcecode.c.h; path = AFNetworkActivityIndicatorManager.h; sourceTree = "<group>"; };
		A2291C8D19B0648A0097774C /* AFNetworkActivityIndicatorManager.m */ = {isa = PBXFileReference; fileEncoding = 4; lastKnownFileType = sourcecode.c.objc; path = AFNetworkActivityIndicatorManager.m; sourceTree = "<group>"; };
		A2291C8E19B0648A0097774C /* AFNetworking.h */ = {isa = PBXFileReference; fileEncoding = 4; lastKnownFileType = sourcecode.c.h; path = AFNetworking.h; sourceTree = "<group>"; };
		A2291C8F19B0648A0097774C /* AFPropertyListRequestOperation.h */ = {isa = PBXFileReference; fileEncoding = 4; lastKnownFileType = sourcecode.c.h; path = AFPropertyListRequestOperation.h; sourceTree = "<group>"; };
		A2291C9019B0648A0097774C /* AFPropertyListRequestOperation.m */ = {isa = PBXFileReference; fileEncoding = 4; lastKnownFileType = sourcecode.c.objc; path = AFPropertyListRequestOperation.m; sourceTree = "<group>"; };
		A2291C9119B0648A0097774C /* AFURLConnectionOperation.h */ = {isa = PBXFileReference; fileEncoding = 4; lastKnownFileType = sourcecode.c.h; path = AFURLConnectionOperation.h; sourceTree = "<group>"; };
		A2291C9219B0648A0097774C /* AFURLConnectionOperation.m */ = {isa = PBXFileReference; fileEncoding = 4; lastKnownFileType = sourcecode.c.objc; path = AFURLConnectionOperation.m; sourceTree = "<group>"; };
		A2291C9319B0648A0097774C /* AFXMLRequestOperation.h */ = {isa = PBXFileReference; fileEncoding = 4; lastKnownFileType = sourcecode.c.h; path = AFXMLRequestOperation.h; sourceTree = "<group>"; };
		A2291C9419B0648A0097774C /* AFXMLRequestOperation.m */ = {isa = PBXFileReference; fileEncoding = 4; lastKnownFileType = sourcecode.c.objc; path = AFXMLRequestOperation.m; sourceTree = "<group>"; };
		A2291C9519B0648A0097774C /* UIImageView+AFNetworking.h */ = {isa = PBXFileReference; fileEncoding = 4; lastKnownFileType = sourcecode.c.h; path = "UIImageView+AFNetworking.h"; sourceTree = "<group>"; };
		A2291C9619B0648A0097774C /* UIImageView+AFNetworking.m */ = {isa = PBXFileReference; fileEncoding = 4; lastKnownFileType = sourcecode.c.objc; path = "UIImageView+AFNetworking.m"; sourceTree = "<group>"; };
		A2291CA019B0650E0097774C /* Security.framework */ = {isa = PBXFileReference; lastKnownFileType = wrapper.framework; name = Security.framework; path = System/Library/Frameworks/Security.framework; sourceTree = SDKROOT; };
		A2291CA219B0651E0097774C /* CFNetwork.framework */ = {isa = PBXFileReference; lastKnownFileType = wrapper.framework; name = CFNetwork.framework; path = System/Library/Frameworks/CFNetwork.framework; sourceTree = SDKROOT; };
		A2291CA419B065370097774C /* libicucore.dylib */ = {isa = PBXFileReference; lastKnownFileType = "compiled.mach-o.dylib"; name = libicucore.dylib; path = usr/lib/libicucore.dylib; sourceTree = SDKROOT; };
		A2291CA619B0654A0097774C /* MessageUI.framework */ = {isa = PBXFileReference; lastKnownFileType = wrapper.framework; name = MessageUI.framework; path = System/Library/Frameworks/MessageUI.framework; sourceTree = SDKROOT; };
		A2291CA819B065520097774C /* QuartzCore.framework */ = {isa = PBXFileReference; lastKnownFileType = wrapper.framework; name = QuartzCore.framework; path = System/Library/Frameworks/QuartzCore.framework; sourceTree = SDKROOT; };
		A2291CAA19B065650097774C /* CoreLocation.framework */ = {isa = PBXFileReference; lastKnownFileType = wrapper.framework; name = CoreLocation.framework; path = System/Library/Frameworks/CoreLocation.framework; sourceTree = SDKROOT; };
		A2291CAC19B0656E0097774C /* SystemConfiguration.framework */ = {isa = PBXFileReference; lastKnownFileType = wrapper.framework; name = SystemConfiguration.framework; path = System/Library/Frameworks/SystemConfiguration.framework; sourceTree = SDKROOT; };
		A2291CAE19B0657E0097774C /* MobileCoreServices.framework */ = {isa = PBXFileReference; lastKnownFileType = wrapper.framework; name = MobileCoreServices.framework; path = System/Library/Frameworks/MobileCoreServices.framework; sourceTree = SDKROOT; };
/* End PBXFileReference section */

/* Begin PBXFrameworksBuildPhase section */
		A2291C1B19A5CA430097774C /* Frameworks */ = {
			isa = PBXFrameworksBuildPhase;
			buildActionMask = 2147483647;
			files = (
				A2291C2219A5CA430097774C /* UIKit.framework in Frameworks */,
				A2291CAF19B0657E0097774C /* MobileCoreServices.framework in Frameworks */,
				A2291CAD19B0656E0097774C /* SystemConfiguration.framework in Frameworks */,
				A2291CAB19B065650097774C /* CoreLocation.framework in Frameworks */,
				A2291CA919B065520097774C /* QuartzCore.framework in Frameworks */,
				A2291CA719B0654A0097774C /* MessageUI.framework in Frameworks */,
				A2291CA519B065370097774C /* libicucore.dylib in Frameworks */,
				A2291CA319B0651E0097774C /* CFNetwork.framework in Frameworks */,
				A2291CA119B0650E0097774C /* Security.framework in Frameworks */,
				A2291C2419A5CA430097774C /* Foundation.framework in Frameworks */,
				A2291C2619A5CA430097774C /* CoreGraphics.framework in Frameworks */,
				A2291C2819A5CA430097774C /* CoreData.framework in Frameworks */,
			);
			runOnlyForDeploymentPostprocessing = 0;
		};
/* End PBXFrameworksBuildPhase section */

/* Begin PBXGroup section */
		A2291C1519A5CA430097774C = {
			isa = PBXGroup;
			children = (
				A2291C2919A5CA430097774C /* SnatterApp */,
				A2291C2019A5CA430097774C /* Frameworks */,
				A2291C1F19A5CA430097774C /* Products */,
			);
			sourceTree = "<group>";
		};
		A2291C1F19A5CA430097774C /* Products */ = {
			isa = PBXGroup;
			children = (
				A2291C1E19A5CA430097774C /* SnatterApp.app */,
			);
			name = Products;
			sourceTree = "<group>";
		};
		A2291C2019A5CA430097774C /* Frameworks */ = {
			isa = PBXGroup;
			children = (
				A2291CAE19B0657E0097774C /* MobileCoreServices.framework */,
				A2291CAC19B0656E0097774C /* SystemConfiguration.framework */,
				A2291CAA19B065650097774C /* CoreLocation.framework */,
				A2291CA819B065520097774C /* QuartzCore.framework */,
				A2291CA619B0654A0097774C /* MessageUI.framework */,
				A2291CA419B065370097774C /* libicucore.dylib */,
				A2291CA219B0651E0097774C /* CFNetwork.framework */,
				A2291CA019B0650E0097774C /* Security.framework */,
				A2291C2119A5CA430097774C /* UIKit.framework */,
				A2291C2319A5CA430097774C /* Foundation.framework */,
				A2291C2519A5CA430097774C /* CoreGraphics.framework */,
				A2291C2719A5CA430097774C /* CoreData.framework */,
			);
			name = Frameworks;
			sourceTree = "<group>";
		};
		A2291C2919A5CA430097774C /* SnatterApp */ = {
			isa = PBXGroup;
			children = (
				A2291C5819A5DB740097774C /* AFNetworking */,
				A2291C3219A5CA430097774C /* QAAppDelegate.h */,
				A2291C3319A5CA430097774C /* QAAppDelegate.m */,
				A2291C3B19A5CA430097774C /* MainStoryboard.storyboard */,
				A2291C3E19A5CA430097774C /* SnatterApp.xcdatamodeld */,
				A2291C5219A5D0FD0097774C /* User.h */,
				A2291C5319A5D0FD0097774C /* User.m */,
				A2291C4F19A5D0D00097774C /* SnAnswer.h */,
				A2291C5019A5D0D00097774C /* SnAnswer.m */,
				A2291C4C19A5D0A70097774C /* SnQuestion.h */,
				A2291C4D19A5D0A70097774C /* SnQuestion.m */,
				A2291C2A19A5CA430097774C /* Supporting Files */,
				A2291C5519A5D3550097774C /* UIBaseViewController.h */,
				A2291C5619A5D3550097774C /* UIBaseViewController.m */,
				A2291C7819A5DC260097774C /* SnAPI.h */,
				A2291C7919A5DC260097774C /* SnAPI.m */,
				A2291C7B19A5DCEA0097774C /* SnSyncEngine.h */,
				A2291C7C19A5DCEA0097774C /* SnSyncEngine.m */,
				A2291C7E19A5DD520097774C /* SnCoreDataController.h */,
				A2291C7F19A5DD520097774C /* SnCoreDataController.m */,
				A2291C8119A5DE950097774C /* NSManagedObjectJSON.h */,
				A2291C8219A5DE950097774C /* NSManagedObjectJSON.m */,
			);
			path = SnatterApp;
			sourceTree = "<group>";
		};
		A2291C2A19A5CA430097774C /* Supporting Files */ = {
			isa = PBXGroup;
			children = (
				A2291C2B19A5CA430097774C /* SnatterApp-Info.plist */,
				A2291C2C19A5CA430097774C /* InfoPlist.strings */,
				A2291C2F19A5CA430097774C /* main.m */,
				A2291C3119A5CA430097774C /* SnatterApp-Prefix.pch */,
				A2291C3519A5CA430097774C /* Default.png */,
				A2291C3719A5CA430097774C /* Default@2x.png */,
				A2291C3919A5CA430097774C /* Default-568h@2x.png */,
			);
			name = "Supporting Files";
			sourceTree = "<group>";
		};
		A2291C5819A5DB740097774C /* AFNetworking */ = {
			isa = PBXGroup;
			children = (
				A2291C8419B0648A0097774C /* AFHTTPClient.h */,
				A2291C8519B0648A0097774C /* AFHTTPClient.m */,
				A2291C8619B0648A0097774C /* AFHTTPRequestOperation.h */,
				A2291C8719B0648A0097774C /* AFHTTPRequestOperation.m */,
				A2291C8819B0648A0097774C /* AFImageRequestOperation.h */,
				A2291C8919B0648A0097774C /* AFImageRequestOperation.m */,
				A2291C8A19B0648A0097774C /* AFJSONRequestOperation.h */,
				A2291C8B19B0648A0097774C /* AFJSONRequestOperation.m */,
				A2291C8C19B0648A0097774C /* AFNetworkActivityIndicatorManager.h */,
				A2291C8D19B0648A0097774C /* AFNetworkActivityIndicatorManager.m */,
				A2291C8E19B0648A0097774C /* AFNetworking.h */,
				A2291C8F19B0648A0097774C /* AFPropertyListRequestOperation.h */,
				A2291C9019B0648A0097774C /* AFPropertyListRequestOperation.m */,
				A2291C9119B0648A0097774C /* AFURLConnectionOperation.h */,
				A2291C9219B0648A0097774C /* AFURLConnectionOperation.m */,
				A2291C9319B0648A0097774C /* AFXMLRequestOperation.h */,
				A2291C9419B0648A0097774C /* AFXMLRequestOperation.m */,
				A2291C9519B0648A0097774C /* UIImageView+AFNetworking.h */,
				A2291C9619B0648A0097774C /* UIImageView+AFNetworking.m */,
			);
			name = AFNetworking;
			sourceTree = "<group>";
		};
/* End PBXGroup section */

/* Begin PBXNativeTarget section */
		A2291C1D19A5CA430097774C /* SnatterApp */ = {
			isa = PBXNativeTarget;
			buildConfigurationList = A2291C4919A5CA430097774C /* Build configuration list for PBXNativeTarget "SnatterApp" */;
			buildPhases = (
				A2291C1A19A5CA430097774C /* Sources */,
				A2291C1B19A5CA430097774C /* Frameworks */,
				A2291C1C19A5CA430097774C /* Resources */,
			);
			buildRules = (
			);
			dependencies = (
			);
			name = SnatterApp;
			productName = SnatterApp;
			productReference = A2291C1E19A5CA430097774C /* SnatterApp.app */;
			productType = "com.apple.product-type.application";
		};
/* End PBXNativeTarget section */

/* Begin PBXProject section */
		A2291C1619A5CA430097774C /* Project object */ = {
			isa = PBXProject;
			attributes = {
				CLASSPREFIX = QA;
				LastUpgradeCheck = 0460;
				ORGANIZATIONNAME = com.snattery;
			};
			buildConfigurationList = A2291C1919A5CA430097774C /* Build configuration list for PBXProject "SnatterApp" */;
			compatibilityVersion = "Xcode 3.2";
			developmentRegion = English;
			hasScannedForEncodings = 0;
			knownRegions = (
				en,
			);
			mainGroup = A2291C1519A5CA430097774C;
			productRefGroup = A2291C1F19A5CA430097774C /* Products */;
			projectDirPath = "";
			projectRoot = "";
			targets = (
				A2291C1D19A5CA430097774C /* SnatterApp */,
			);
		};
/* End PBXProject section */

/* Begin PBXResourcesBuildPhase section */
		A2291C1C19A5CA430097774C /* Resources */ = {
			isa = PBXResourcesBuildPhase;
			buildActionMask = 2147483647;
			files = (
				A2291C2E19A5CA430097774C /* InfoPlist.strings in Resources */,
				A2291C3619A5CA430097774C /* Default.png in Resources */,
				A2291C3819A5CA430097774C /* Default@2x.png in Resources */,
				A2291C3A19A5CA430097774C /* Default-568h@2x.png in Resources */,
				A2291C3D19A5CA430097774C /* MainStoryboard.storyboard in Resources */,
			);
			runOnlyForDeploymentPostprocessing = 0;
		};
/* End PBXResourcesBuildPhase section */

/* Begin PBXSourcesBuildPhase section */
		A2291C1A19A5CA430097774C /* Sources */ = {
			isa = PBXSourcesBuildPhase;
			buildActionMask = 2147483647;
			files = (
				A2291C3019A5CA430097774C /* main.m in Sources */,
				A2291C3419A5CA430097774C /* QAAppDelegate.m in Sources */,
				A2291C4019A5CA430097774C /* SnatterApp.xcdatamodeld in Sources */,
				A2291C4E19A5D0A70097774C /* SnQuestion.m in Sources */,
				A2291C5119A5D0D00097774C /* SnAnswer.m in Sources */,
				A2291C5419A5D0FD0097774C /* User.m in Sources */,
				A2291C5719A5D3550097774C /* UIBaseViewController.m in Sources */,
				A2291C7A19A5DC260097774C /* SnAPI.m in Sources */,
				A2291C7D19A5DCEA0097774C /* SnSyncEngine.m in Sources */,
				A2291C8019A5DD520097774C /* SnCoreDataController.m in Sources */,
				A2291C8319A5DE950097774C /* NSManagedObjectJSON.m in Sources */,
				A2291C9719B0648A0097774C /* AFHTTPClient.m in Sources */,
				A2291C9819B0648A0097774C /* AFHTTPRequestOperation.m in Sources */,
				A2291C9919B0648A0097774C /* AFImageRequestOperation.m in Sources */,
				A2291C9A19B0648A0097774C /* AFJSONRequestOperation.m in Sources */,
				A2291C9B19B0648A0097774C /* AFNetworkActivityIndicatorManager.m in Sources */,
				A2291C9C19B0648A0097774C /* AFPropertyListRequestOperation.m in Sources */,
				A2291C9D19B0648A0097774C /* AFURLConnectionOperation.m in Sources */,
				A2291C9E19B0648A0097774C /* AFXMLRequestOperation.m in Sources */,
				A2291C9F19B0648A0097774C /* UIImageView+AFNetworking.m in Sources */,
			);
			runOnlyForDeploymentPostprocessing = 0;
		};
/* End PBXSourcesBuildPhase section */

/* Begin PBXVariantGroup section */
		A2291C2C19A5CA430097774C /* InfoPlist.strings */ = {
			isa = PBXVariantGroup;
			children = (
				A2291C2D19A5CA430097774C /* en */,
			);
			name = InfoPlist.strings;
			sourceTree = "<group>";
		};
		A2291C3B19A5CA430097774C /* MainStoryboard.storyboard */ = {
			isa = PBXVariantGroup;
			children = (
				A2291C3C19A5CA430097774C /* en */,
			);
			name = MainStoryboard.storyboard;
			sourceTree = "<group>";
		};
/* End PBXVariantGroup section */

/* Begin XCBuildConfiguration section */
		A2291C4719A5CA430097774C /* Debug */ = {
			isa = XCBuildConfiguration;
			buildSettings = {
				ALWAYS_SEARCH_USER_PATHS = NO;
				CLANG_CXX_LANGUAGE_STANDARD = "gnu++0x";
				CLANG_CXX_LIBRARY = "libc++";
				CLANG_ENABLE_OBJC_ARC = YES;
				CLANG_WARN_CONSTANT_CONVERSION = YES;
				CLANG_WARN_EMPTY_BODY = YES;
				CLANG_WARN_ENUM_CONVERSION = YES;
				CLANG_WARN_INT_CONVERSION = YES;
				CLANG_WARN__DUPLICATE_METHOD_MATCH = YES;
				"CODE_SIGN_IDENTITY[sdk=iphoneos*]" = "iPhone Developer";
				COPY_PHASE_STRIP = NO;
				GCC_C_LANGUAGE_STANDARD = gnu99;
				GCC_DYNAMIC_NO_PIC = NO;
				GCC_OPTIMIZATION_LEVEL = 0;
				GCC_PREPROCESSOR_DEFINITIONS = (
					"DEBUG=1",
					"$(inherited)",
				);
				GCC_SYMBOLS_PRIVATE_EXTERN = NO;
				GCC_WARN_ABOUT_RETURN_TYPE = YES;
				GCC_WARN_UNINITIALIZED_AUTOS = YES;
				GCC_WARN_UNUSED_VARIABLE = YES;
				IPHONEOS_DEPLOYMENT_TARGET = 6.1;
				ONLY_ACTIVE_ARCH = YES;
				SDKROOT = iphoneos;
			};
			name = Debug;
		};
		A2291C4819A5CA430097774C /* Release */ = {
			isa = XCBuildConfiguration;
			buildSettings = {
				ALWAYS_SEARCH_USER_PATHS = NO;
				CLANG_CXX_LANGUAGE_STANDARD = "gnu++0x";
				CLANG_CXX_LIBRARY = "libc++";
				CLANG_ENABLE_OBJC_ARC = YES;
				CLANG_WARN_CONSTANT_CONVERSION = YES;
				CLANG_WARN_EMPTY_BODY = YES;
				CLANG_WARN_ENUM_CONVERSION = YES;
				CLANG_WARN_INT_CONVERSION = YES;
				CLANG_WARN__DUPLICATE_METHOD_MATCH = YES;
				"CODE_SIGN_IDENTITY[sdk=iphoneos*]" = "iPhone Developer";
				COPY_PHASE_STRIP = YES;
				GCC_C_LANGUAGE_STANDARD = gnu99;
				GCC_WARN_ABOUT_RETURN_TYPE = YES;
				GCC_WARN_UNINITIALIZED_AUTOS = YES;
				GCC_WARN_UNUSED_VARIABLE = YES;
				IPHONEOS_DEPLOYMENT_TARGET = 6.1;
				OTHER_CFLAGS = "-DNS_BLOCK_ASSERTIONS=1";
				SDKROOT = iphoneos;
				VALIDATE_PRODUCT = YES;
			};
			name = Release;
		};
		A2291C4A19A5CA430097774C /* Debug */ = {
			isa = XCBuildConfiguration;
			buildSettings = {
				GCC_PRECOMPILE_PREFIX_HEADER = YES;
				GCC_PREFIX_HEADER = "SnatterApp/SnatterApp-Prefix.pch";
				INFOPLIST_FILE = "SnatterApp/SnatterApp-Info.plist";
				PRODUCT_NAME = "$(TARGET_NAME)";
				WRAPPER_EXTENSION = app;
			};
			name = Debug;
		};
		A2291C4B19A5CA430097774C /* Release */ = {
			isa = XCBuildConfiguration;
			buildSettings = {
				GCC_PRECOMPILE_PREFIX_HEADER = YES;
				GCC_PREFIX_HEADER = "SnatterApp/SnatterApp-Prefix.pch";
				INFOPLIST_FILE = "SnatterApp/SnatterApp-Info.plist";
				PRODUCT_NAME = "$(TARGET_NAME)";
				WRAPPER_EXTENSION = app;
			};
			name = Release;
		};
/* End XCBuildConfiguration section */

/* Begin XCConfigurationList section */
		A2291C1919A5CA430097774C /* Build configuration list for PBXProject "SnatterApp" */ = {
			isa = XCConfigurationList;
			buildConfigurations = (
				A2291C4719A5CA430097774C /* Debug */,
				A2291C4819A5CA430097774C /* Release */,
			);
			defaultConfigurationIsVisible = 0;
			defaultConfigurationName = Release;
		};
		A2291C4919A5CA430097774C /* Build configuration list for PBXNativeTarget "SnatterApp" */ = {
			isa = XCConfigurationList;
			buildConfigurations = (
				A2291C4A19A5CA430097774C /* Debug */,
				A2291C4B19A5CA430097774C /* Release */,
			);
			defaultConfigurationIsVisible = 0;
		};
/* End XCConfigurationList section */

/* Begin XCVersionGroup section */
		A2291C3E19A5CA430097774C /* SnatterApp.xcdatamodeld */ = {
			isa = XCVersionGroup;
			children = (
				A2291C3F19A5CA430097774C /* SnatterApp.xcdatamodel */,
			);
			currentVersion = A2291C3F19A5CA430097774C /* SnatterApp.xcdatamodel */;
			path = SnatterApp.xcdatamodeld;
			sourceTree = "<group>";
			versionGroupType = wrapper.xcdatamodel;
		};
/* End XCVersionGroup section */
	};
	rootObject = A2291C1619A5CA430097774C /* Project object */;
}
